
Microsoft Visual Studio Solution File, Format Version 12.00
# Visual Studio Version 16
VisualStudioVersion = 16.0.31729.503
MinimumVisualStudioVersion = 10.0.40219.1
Project("{FAE04EC0-301F-11D3-BF4B-00C04F79EFBC}") = "Матрицы-8", "Матрицы-8\Матрицы-8.csproj", "{1B8A0082-9141-408D-809E-3C7EB17BD3F3}"
EndProject
Global
	GlobalSection(SolutionConfigurationPlatforms) = preSolution
		Debug|Any CPU = Debug|Any CPU
		Release|Any CPU = Release|Any CPU
	EndGlobalSection
	GlobalSection(ProjectConfigurationPlatforms) = postSolution
		{1B8A0082-9141-408D-809E-3C7EB17BD3F3}.Debug|Any CPU.ActiveCfg = Debug|Any CPU
		{1B8A0082-9141-408D-809E-3C7EB17BD3F3}.Debug|Any CPU.Build.0 = Debug|Any CPU
		{1B8A0082-9141-408D-809E-3C7EB17BD3F3}.Release|Any CPU.ActiveCfg = Release|Any CPU
		{1B8A0082-9141-408D-809E-3C7EB17BD3F3}.Release|Any CPU.Build.0 = Release|Any CPU
	EndGlobalSection
	GlobalSection(SolutionProperties) = preSolution
		HideSolutionNode = FALSE
	EndGlobalSection
	GlobalSection(ExtensibilityGlobals) = postSolution
		SolutionGuid = {632976DA-9AEB-4152-B01A-95744AC4BAA7}
	EndGlobalSection
EndGlobal
