
Microsoft Visual Studio Solution File, Format Version 11.00
# Visual Studio 2010
Project("{FAE04EC0-301F-11D3-BF4B-00C04F79EFBC}") = "задача_02", "задача_02\задача_02.csproj", "{58F31C8C-1546-4CF0-A11A-2A4C0CA9FAC0}"
EndProject
Global
	GlobalSection(SolutionConfigurationPlatforms) = preSolution
		Debug|x86 = Debug|x86
		Release|x86 = Release|x86
	EndGlobalSection
	GlobalSection(ProjectConfigurationPlatforms) = postSolution
		{58F31C8C-1546-4CF0-A11A-2A4C0CA9FAC0}.Debug|x86.ActiveCfg = Debug|x86
		{58F31C8C-1546-4CF0-A11A-2A4C0CA9FAC0}.Debug|x86.Build.0 = Debug|x86
		{58F31C8C-1546-4CF0-A11A-2A4C0CA9FAC0}.Release|x86.ActiveCfg = Release|x86
		{58F31C8C-1546-4CF0-A11A-2A4C0CA9FAC0}.Release|x86.Build.0 = Release|x86
	EndGlobalSection
	GlobalSection(SolutionProperties) = preSolution
		HideSolutionNode = FALSE
	EndGlobalSection
EndGlobal
