
Microsoft Visual Studio Solution File, Format Version 12.00
# Visual Studio Version 16
VisualStudioVersion = 16.0.31729.503
MinimumVisualStudioVersion = 10.0.40219.1
Project("{FAE04EC0-301F-11D3-BF4B-00C04F79EFBC}") = "lab14", "lab14\lab14.csproj", "{72899563-4E7B-4226-B801-807C8FBEFDBB}"
EndProject
Global
	GlobalSection(SolutionConfigurationPlatforms) = preSolution
		Debug|Any CPU = Debug|Any CPU
		Release|Any CPU = Release|Any CPU
	EndGlobalSection
	GlobalSection(ProjectConfigurationPlatforms) = postSolution
		{72899563-4E7B-4226-B801-807C8FBEFDBB}.Debug|Any CPU.ActiveCfg = Debug|Any CPU
		{72899563-4E7B-4226-B801-807C8FBEFDBB}.Debug|Any CPU.Build.0 = Debug|Any CPU
		{72899563-4E7B-4226-B801-807C8FBEFDBB}.Release|Any CPU.ActiveCfg = Release|Any CPU
		{72899563-4E7B-4226-B801-807C8FBEFDBB}.Release|Any CPU.Build.0 = Release|Any CPU
	EndGlobalSection
	GlobalSection(SolutionProperties) = preSolution
		HideSolutionNode = FALSE
	EndGlobalSection
	GlobalSection(ExtensibilityGlobals) = postSolution
		SolutionGuid = {31260D55-82EC-4D13-8321-2CD5AE577259}
	EndGlobalSection
EndGlobal
