
Microsoft Visual Studio Solution File, Format Version 12.00
# Visual Studio Version 16
VisualStudioVersion = 16.0.31729.503
MinimumVisualStudioVersion = 10.0.40219.1
Project("{FAE04EC0-301F-11D3-BF4B-00C04F79EFBC}") = "lab5.cs", "lab5.cs\lab5.cs.csproj", "{CABCBFA4-8E08-490B-88B6-FAEACCBF50B7}"
EndProject
Global
	GlobalSection(SolutionConfigurationPlatforms) = preSolution
		Debug|Any CPU = Debug|Any CPU
		Release|Any CPU = Release|Any CPU
	EndGlobalSection
	GlobalSection(ProjectConfigurationPlatforms) = postSolution
		{CABCBFA4-8E08-490B-88B6-FAEACCBF50B7}.Debug|Any CPU.ActiveCfg = Debug|Any CPU
		{CABCBFA4-8E08-490B-88B6-FAEACCBF50B7}.Debug|Any CPU.Build.0 = Debug|Any CPU
		{CABCBFA4-8E08-490B-88B6-FAEACCBF50B7}.Release|Any CPU.ActiveCfg = Release|Any CPU
		{CABCBFA4-8E08-490B-88B6-FAEACCBF50B7}.Release|Any CPU.Build.0 = Release|Any CPU
	EndGlobalSection
	GlobalSection(SolutionProperties) = preSolution
		HideSolutionNode = FALSE
	EndGlobalSection
	GlobalSection(ExtensibilityGlobals) = postSolution
		SolutionGuid = {5DB56E7E-8DCB-4CA5-8D32-4D3F44CC8AAD}
	EndGlobalSection
EndGlobal
