
Microsoft Visual Studio Solution File, Format Version 12.00
# Visual Studio Version 16
VisualStudioVersion = 16.0.31729.503
MinimumVisualStudioVersion = 10.0.40219.1
Project("{FAE04EC0-301F-11D3-BF4B-00C04F79EFBC}") = "WinFormsApp1", "WinFormsApp1\WinFormsApp1.csproj", "{006B4B44-EFBE-4CFB-84B5-25A1DC8D164C}"
EndProject
Global
	GlobalSection(SolutionConfigurationPlatforms) = preSolution
		Debug|Any CPU = Debug|Any CPU
		Release|Any CPU = Release|Any CPU
	EndGlobalSection
	GlobalSection(ProjectConfigurationPlatforms) = postSolution
		{006B4B44-EFBE-4CFB-84B5-25A1DC8D164C}.Debug|Any CPU.ActiveCfg = Debug|Any CPU
		{006B4B44-EFBE-4CFB-84B5-25A1DC8D164C}.Debug|Any CPU.Build.0 = Debug|Any CPU
		{006B4B44-EFBE-4CFB-84B5-25A1DC8D164C}.Release|Any CPU.ActiveCfg = Release|Any CPU
		{006B4B44-EFBE-4CFB-84B5-25A1DC8D164C}.Release|Any CPU.Build.0 = Release|Any CPU
	EndGlobalSection
	GlobalSection(SolutionProperties) = preSolution
		HideSolutionNode = FALSE
	EndGlobalSection
	GlobalSection(ExtensibilityGlobals) = postSolution
		SolutionGuid = {195B19C0-F3B5-4675-AD8E-B9D05A17C9AE}
	EndGlobalSection
EndGlobal
